
Microsoft Visual Studio Solution File, Format Version 12.00
# Visual Studio Version 17
VisualStudioVersion = 17.8.34525.116
MinimumVisualStudioVersion = 10.0.40219.1
Project("{FAE04EC0-301F-11D3-BF4B-00C04F79EFBC}") = "ExamCore", "ExamCore\ExamCore.csproj", "{AFE188BA-04AC-4796-AA72-243B9E685708}"
EndProject
Global
	GlobalSection(SolutionConfigurationPlatforms) = preSolution
		Debug|Any CPU = Debug|Any CPU
		Release|Any CPU = Release|Any CPU
	EndGlobalSection
	GlobalSection(ProjectConfigurationPlatforms) = postSolution
		{AFE188BA-04AC-4796-AA72-243B9E685708}.Debug|Any CPU.ActiveCfg = Debug|Any CPU
		{AFE188BA-04AC-4796-AA72-243B9E685708}.Debug|Any CPU.Build.0 = Debug|Any CPU
		{AFE188BA-04AC-4796-AA72-243B9E685708}.Release|Any CPU.ActiveCfg = Release|Any CPU
		{AFE188BA-04AC-4796-AA72-243B9E685708}.Release|Any CPU.Build.0 = Release|Any CPU
	EndGlobalSection
	GlobalSection(SolutionProperties) = preSolution
		HideSolutionNode = FALSE
	EndGlobalSection
	GlobalSection(ExtensibilityGlobals) = postSolution
		SolutionGuid = {B01B6CFD-5D8C-416E-9B33-7DB831E6E52E}
	EndGlobalSection
EndGlobal
