
Microsoft Visual Studio Solution File, Format Version 12.00
# Visual Studio Version 17
VisualStudioVersion = 17.8.34525.116
MinimumVisualStudioVersion = 10.0.40219.1
Project("{FAE04EC0-301F-11D3-BF4B-00C04F79EFBC}") = "layout_ex", "layout_ex\layout_ex.csproj", "{6846ED69-7797-4CBF-A1EB-4DD37AC5EAB2}"
EndProject
Global
	GlobalSection(SolutionConfigurationPlatforms) = preSolution
		Debug|Any CPU = Debug|Any CPU
		Release|Any CPU = Release|Any CPU
	EndGlobalSection
	GlobalSection(ProjectConfigurationPlatforms) = postSolution
		{6846ED69-7797-4CBF-A1EB-4DD37AC5EAB2}.Debug|Any CPU.ActiveCfg = Debug|Any CPU
		{6846ED69-7797-4CBF-A1EB-4DD37AC5EAB2}.Debug|Any CPU.Build.0 = Debug|Any CPU
		{6846ED69-7797-4CBF-A1EB-4DD37AC5EAB2}.Release|Any CPU.ActiveCfg = Release|Any CPU
		{6846ED69-7797-4CBF-A1EB-4DD37AC5EAB2}.Release|Any CPU.Build.0 = Release|Any CPU
	EndGlobalSection
	GlobalSection(SolutionProperties) = preSolution
		HideSolutionNode = FALSE
	EndGlobalSection
	GlobalSection(ExtensibilityGlobals) = postSolution
		SolutionGuid = {5B7B4DC7-0EC8-4C12-93EE-9406EF9EF585}
	EndGlobalSection
EndGlobal
